
Microsoft Visual Studio Solution File, Format Version 12.00
# Visual Studio Version 16
VisualStudioVersion = 16.0.30011.22
MinimumVisualStudioVersion = 10.0.40219.1
Project("{9A19103F-16F7-4668-BE54-9A1E7A4F7556}") = "Jagged-Array Modification", "6. Jagged-Array Modification\Jagged-Array Modification.csproj", "{2BB63277-506D-4B0F-9F5C-BD867C076F11}"
EndProject
Project("{9A19103F-16F7-4668-BE54-9A1E7A4F7556}") = "Sum Matrix Elements", "1. Sum Matrix Elements\Sum Matrix Elements.csproj", "{55C277E4-2220-4F25-B54A-FF80574A3DA8}"
EndProject
Project("{9A19103F-16F7-4668-BE54-9A1E7A4F7556}") = "Primary Diagonal", "3. Primary Diagonal\Primary Diagonal.csproj", "{9E25A0BC-48E8-47B4-BDD8-8A427D00F292}"
EndProject
Project("{9A19103F-16F7-4668-BE54-9A1E7A4F7556}") = "Symbol in a Matrix", "4. Symbol in a Matrix\Symbol in a Matrix.csproj", "{9DBE4EBD-72F1-4F15-9752-4C324AB0667B}"
EndProject
Project("{9A19103F-16F7-4668-BE54-9A1E7A4F7556}") = "Square with Maximum Sum", "5. Square with Maximum Sum\Square with Maximum Sum.csproj", "{77A4C4B4-0082-4FFF-A8E0-8B52518C196D}"
EndProject
Project("{9A19103F-16F7-4668-BE54-9A1E7A4F7556}") = "Sum Matrix Columns", "2. Sum Matrix Columns\Sum Matrix Columns.csproj", "{AB76778C-FAC3-4F08-8CD6-70F08CC528A5}"
EndProject
Global
	GlobalSection(SolutionConfigurationPlatforms) = preSolution
		Debug|Any CPU = Debug|Any CPU
		Release|Any CPU = Release|Any CPU
	EndGlobalSection
	GlobalSection(ProjectConfigurationPlatforms) = postSolution
		{2BB63277-506D-4B0F-9F5C-BD867C076F11}.Debug|Any CPU.ActiveCfg = Debug|Any CPU
		{2BB63277-506D-4B0F-9F5C-BD867C076F11}.Debug|Any CPU.Build.0 = Debug|Any CPU
		{2BB63277-506D-4B0F-9F5C-BD867C076F11}.Release|Any CPU.ActiveCfg = Release|Any CPU
		{2BB63277-506D-4B0F-9F5C-BD867C076F11}.Release|Any CPU.Build.0 = Release|Any CPU
		{55C277E4-2220-4F25-B54A-FF80574A3DA8}.Debug|Any CPU.ActiveCfg = Debug|Any CPU
		{55C277E4-2220-4F25-B54A-FF80574A3DA8}.Debug|Any CPU.Build.0 = Debug|Any CPU
		{55C277E4-2220-4F25-B54A-FF80574A3DA8}.Release|Any CPU.ActiveCfg = Release|Any CPU
		{55C277E4-2220-4F25-B54A-FF80574A3DA8}.Release|Any CPU.Build.0 = Release|Any CPU
		{9E25A0BC-48E8-47B4-BDD8-8A427D00F292}.Debug|Any CPU.ActiveCfg = Debug|Any CPU
		{9E25A0BC-48E8-47B4-BDD8-8A427D00F292}.Debug|Any CPU.Build.0 = Debug|Any CPU
		{9E25A0BC-48E8-47B4-BDD8-8A427D00F292}.Release|Any CPU.ActiveCfg = Release|Any CPU
		{9E25A0BC-48E8-47B4-BDD8-8A427D00F292}.Release|Any CPU.Build.0 = Release|Any CPU
		{9DBE4EBD-72F1-4F15-9752-4C324AB0667B}.Debug|Any CPU.ActiveCfg = Debug|Any CPU
		{9DBE4EBD-72F1-4F15-9752-4C324AB0667B}.Debug|Any CPU.Build.0 = Debug|Any CPU
		{9DBE4EBD-72F1-4F15-9752-4C324AB0667B}.Release|Any CPU.ActiveCfg = Release|Any CPU
		{9DBE4EBD-72F1-4F15-9752-4C324AB0667B}.Release|Any CPU.Build.0 = Release|Any CPU
		{77A4C4B4-0082-4FFF-A8E0-8B52518C196D}.Debug|Any CPU.ActiveCfg = Debug|Any CPU
		{77A4C4B4-0082-4FFF-A8E0-8B52518C196D}.Debug|Any CPU.Build.0 = Debug|Any CPU
		{77A4C4B4-0082-4FFF-A8E0-8B52518C196D}.Release|Any CPU.ActiveCfg = Release|Any CPU
		{77A4C4B4-0082-4FFF-A8E0-8B52518C196D}.Release|Any CPU.Build.0 = Release|Any CPU
		{AB76778C-FAC3-4F08-8CD6-70F08CC528A5}.Debug|Any CPU.ActiveCfg = Debug|Any CPU
		{AB76778C-FAC3-4F08-8CD6-70F08CC528A5}.Debug|Any CPU.Build.0 = Debug|Any CPU
		{AB76778C-FAC3-4F08-8CD6-70F08CC528A5}.Release|Any CPU.ActiveCfg = Release|Any CPU
		{AB76778C-FAC3-4F08-8CD6-70F08CC528A5}.Release|Any CPU.Build.0 = Release|Any CPU
	EndGlobalSection
	GlobalSection(SolutionProperties) = preSolution
		HideSolutionNode = FALSE
	EndGlobalSection
	GlobalSection(ExtensibilityGlobals) = postSolution
		SolutionGuid = {984F8C06-8D44-41F2-85FE-DFF5A0F7C4AF}
	EndGlobalSection
EndGlobal
